
Microsoft Visual Studio Solution File, Format Version 12.00
# Visual Studio 15
VisualStudioVersion = 15.0.28307.1000
MinimumVisualStudioVersion = 10.0.40219.1
Project("{9A19103F-16F7-4668-BE54-9A1E7A4F7556}") = "NettrimCHBack", "NettrimCHBack\NettrimCHBack.csproj", "{AFBE03E1-3E39-4FA2-A171-5274F9DAD6E3}"
	ProjectSection(ProjectDependencies) = postProject
		{78CB5071-0B4B-4068-BF69-FB0BEA505B50} = {78CB5071-0B4B-4068-BF69-FB0BEA505B50}
	EndProjectSection
EndProject
Project("{9A19103F-16F7-4668-BE54-9A1E7A4F7556}") = "NettrimCHModels", "NettrimCHModels\NettrimCHModels.csproj", "{C65CFFD5-5423-40D7-98E5-0E9BF9DBDB30}"
EndProject
Project("{9A19103F-16F7-4668-BE54-9A1E7A4F7556}") = "NettrimCHServices", "NettrimCHServices\NettrimCHServices.csproj", "{78CB5071-0B4B-4068-BF69-FB0BEA505B50}"
EndProject
Global
	GlobalSection(SolutionConfigurationPlatforms) = preSolution
		Debug|Any CPU = Debug|Any CPU
		Release|Any CPU = Release|Any CPU
	EndGlobalSection
	GlobalSection(ProjectConfigurationPlatforms) = postSolution
		{AFBE03E1-3E39-4FA2-A171-5274F9DAD6E3}.Debug|Any CPU.ActiveCfg = Debug|Any CPU
		{AFBE03E1-3E39-4FA2-A171-5274F9DAD6E3}.Debug|Any CPU.Build.0 = Debug|Any CPU
		{AFBE03E1-3E39-4FA2-A171-5274F9DAD6E3}.Release|Any CPU.ActiveCfg = Release|Any CPU
		{AFBE03E1-3E39-4FA2-A171-5274F9DAD6E3}.Release|Any CPU.Build.0 = Release|Any CPU
		{C65CFFD5-5423-40D7-98E5-0E9BF9DBDB30}.Debug|Any CPU.ActiveCfg = Debug|Any CPU
		{C65CFFD5-5423-40D7-98E5-0E9BF9DBDB30}.Debug|Any CPU.Build.0 = Debug|Any CPU
		{C65CFFD5-5423-40D7-98E5-0E9BF9DBDB30}.Release|Any CPU.ActiveCfg = Release|Any CPU
		{C65CFFD5-5423-40D7-98E5-0E9BF9DBDB30}.Release|Any CPU.Build.0 = Release|Any CPU
		{78CB5071-0B4B-4068-BF69-FB0BEA505B50}.Debug|Any CPU.ActiveCfg = Debug|Any CPU
		{78CB5071-0B4B-4068-BF69-FB0BEA505B50}.Debug|Any CPU.Build.0 = Debug|Any CPU
		{78CB5071-0B4B-4068-BF69-FB0BEA505B50}.Release|Any CPU.ActiveCfg = Release|Any CPU
		{78CB5071-0B4B-4068-BF69-FB0BEA505B50}.Release|Any CPU.Build.0 = Release|Any CPU
	EndGlobalSection
	GlobalSection(SolutionProperties) = preSolution
		HideSolutionNode = FALSE
	EndGlobalSection
	GlobalSection(ExtensibilityGlobals) = postSolution
		SolutionGuid = {F21A1D39-107B-446C-B8B6-1725E2DCFCD5}
	EndGlobalSection
EndGlobal
